
Microsoft Visual Studio Solution File, Format Version 12.00
# Visual Studio Version 17
VisualStudioVersion = 17.3.32929.385
MinimumVisualStudioVersion = 10.0.40219.1
Project("{8BC9CEB8-8B4A-11D0-8D11-00A0C91BC942}") = "BOJ_8932", "BOJ_8932.vcxproj", "{90D35BC4-EDD8-4A1D-9C4E-472E71E477FB}"
EndProject
Global
	GlobalSection(SolutionConfigurationPlatforms) = preSolution
		Debug|x64 = Debug|x64
		Release|x64 = Release|x64
	EndGlobalSection
	GlobalSection(ProjectConfigurationPlatforms) = postSolution
		{90D35BC4-EDD8-4A1D-9C4E-472E71E477FB}.Debug|x64.ActiveCfg = Debug|x64
		{90D35BC4-EDD8-4A1D-9C4E-472E71E477FB}.Debug|x64.Build.0 = Debug|x64
		{90D35BC4-EDD8-4A1D-9C4E-472E71E477FB}.Release|x64.ActiveCfg = Release|x64
		{90D35BC4-EDD8-4A1D-9C4E-472E71E477FB}.Release|x64.Build.0 = Release|x64
	EndGlobalSection
	GlobalSection(SolutionProperties) = preSolution
		HideSolutionNode = FALSE
	EndGlobalSection
	GlobalSection(ExtensibilityGlobals) = postSolution
		SolutionGuid = {C11DA838-89E6-4670-A40E-6847ACE150C7}
	EndGlobalSection
EndGlobal
